// !$*UTF8*$!
{
	archiveVersion = 1;
	classes = {
	};
	objectVersion = 46;
	objects = {

/* Begin PBXBuildFile section */
		C2C6099D1DA2C6B2005A5805 /* AppDelegate.swift in Sources */ = {isa = PBXBuildFile; fileRef = C2C6099C1DA2C6B2005A5805 /* AppDelegate.swift */; };
		C2C6099F1DA2C6B2005A5805 /* CitiesViewController.swift in Sources */ = {isa = PBXBuildFile; fileRef = C2C6099E1DA2C6B2005A5805 /* CitiesViewController.swift */; };
		C2C609A21DA2C6B2005A5805 /* Main.storyboard in Resources */ = {isa = PBXBuildFile; fileRef = C2C609A01DA2C6B2005A5805 /* Main.storyboard */; };
		C2C609A41DA2C6B2005A5805 /* Assets.xcassets in Resources */ = {isa = PBXBuildFile; fileRef = C2C609A31DA2C6B2005A5805 /* Assets.xcassets */; };
		C2C609A71DA2C6B2005A5805 /* LaunchScreen.storyboard in Resources */ = {isa = PBXBuildFile; fileRef = C2C609A51DA2C6B2005A5805 /* LaunchScreen.storyboard */; };
		C2C609AF1DA2C797005A5805 /* CategoryVeiwControler.swift in Sources */ = {isa = PBXBuildFile; fileRef = C2C609AE1DA2C797005A5805 /* CategoryVeiwControler.swift */; };
		C2C609B11DA2C804005A5805 /* FoodViewController.swift in Sources */ = {isa = PBXBuildFile; fileRef = C2C609B01DA2C804005A5805 /* FoodViewController.swift */; };
/* End PBXBuildFile section */

/* Begin PBXFileReference section */
		C2C609991DA2C6B1005A5805 /* DeliveryFromLocals.app */ = {isa = PBXFileReference; explicitFileType = wrapper.application; includeInIndex = 0; path = DeliveryFromLocals.app; sourceTree = BUILT_PRODUCTS_DIR; };
		C2C6099C1DA2C6B2005A5805 /* AppDelegate.swift */ = {isa = PBXFileReference; lastKnownFileType = sourcecode.swift; path = AppDelegate.swift; sourceTree = "<group>"; };
		C2C6099E1DA2C6B2005A5805 /* CitiesViewController.swift */ = {isa = PBXFileReference; lastKnownFileType = sourcecode.swift; path = CitiesViewController.swift; sourceTree = "<group>"; };
		C2C609A11DA2C6B2005A5805 /* Base */ = {isa = PBXFileReference; lastKnownFileType = file.storyboard; name = Base; path = Base.lproj/Main.storyboard; sourceTree = "<group>"; };
		C2C609A31DA2C6B2005A5805 /* Assets.xcassets */ = {isa = PBXFileReference; lastKnownFileType = folder.assetcatalog; path = Assets.xcassets; sourceTree = "<group>"; };
		C2C609A61DA2C6B2005A5805 /* Base */ = {isa = PBXFileReference; lastKnownFileType = file.storyboard; name = Base; path = Base.lproj/LaunchScreen.storyboard; sourceTree = "<group>"; };
		C2C609A81DA2C6B2005A5805 /* Info.plist */ = {isa = PBXFileReference; lastKnownFileType = text.plist.xml; path = Info.plist; sourceTree = "<group>"; };
		C2C609AE1DA2C797005A5805 /* CategoryVeiwControler.swift */ = {isa = PBXFileReference; fileEncoding = 4; lastKnownFileType = sourcecode.swift; path = CategoryVeiwControler.swift; sourceTree = "<group>"; };
		C2C609B01DA2C804005A5805 /* FoodViewController.swift */ = {isa = PBXFileReference; fileEncoding = 4; lastKnownFileType = sourcecode.swift; path = FoodViewController.swift; sourceTree = "<group>"; };
/* End PBXFileReference section */

/* Begin PBXFrameworksBuildPhase section */
		C2C609961DA2C6B1005A5805 /* Frameworks */ = {
			isa = PBXFrameworksBuildPhase;
			buildActionMask = 2147483647;
			files = (
			);
			runOnlyForDeploymentPostprocessing = 0;
		};
/* End PBXFrameworksBuildPhase section */

/* Begin PBXGroup section */
		C2C609901DA2C6B1005A5805 = {
			isa = PBXGroup;
			children = (
				C2C6099B1DA2C6B2005A5805 /* DeliveryFromLocals */,
				C2C6099A1DA2C6B1005A5805 /* Products */,
			);
			sourceTree = "<group>";
		};
		C2C6099A1DA2C6B1005A5805 /* Products */ = {
			isa = PBXGroup;
			children = (
				C2C609991DA2C6B1005A5805 /* DeliveryFromLocals.app */,
			);
			name = Products;
			sourceTree = "<group>";
		};
		C2C6099B1DA2C6B2005A5805 /* DeliveryFromLocals */ = {
			isa = PBXGroup;
			children = (
				C2C6099C1DA2C6B2005A5805 /* AppDelegate.swift */,
				C2C6099E1DA2C6B2005A5805 /* CitiesViewController.swift */,
				C2C609A01DA2C6B2005A5805 /* Main.storyboard */,
				C2C609B01DA2C804005A5805 /* FoodViewController.swift */,
				C2C609AE1DA2C797005A5805 /* CategoryVeiwControler.swift */,
				C2C609A31DA2C6B2005A5805 /* Assets.xcassets */,
				C2C609A51DA2C6B2005A5805 /* LaunchScreen.storyboard */,
				C2C609A81DA2C6B2005A5805 /* Info.plist */,
			);
			path = DeliveryFromLocals;
			sourceTree = "<group>";
		};
/* End PBXGroup section */

/* Begin PBXNativeTarget section */
		C2C609981DA2C6B1005A5805 /* DeliveryFromLocals */ = {
			isa = PBXNativeTarget;
			buildConfigurationList = C2C609AB1DA2C6B2005A5805 /* Build configuration list for PBXNativeTarget "DeliveryFromLocals" */;
			buildPhases = (
				C2C609951DA2C6B1005A5805 /* Sources */,
				C2C609961DA2C6B1005A5805 /* Frameworks */,
				C2C609971DA2C6B1005A5805 /* Resources */,
			);
			buildRules = (
			);
			dependencies = (
			);
			name = DeliveryFromLocals;
			productName = DeliveryFromLocals;
			productReference = C2C609991DA2C6B1005A5805 /* DeliveryFromLocals.app */;
			productType = "com.apple.product-type.application";
		};
/* End PBXNativeTarget section */

/* Begin PBXProject section */
		C2C609911DA2C6B1005A5805 /* Project object */ = {
			isa = PBXProject;
			attributes = {
				LastSwiftUpdateCheck = 0720;
				LastUpgradeCheck = 0720;
				ORGANIZATIONNAME = AnsA;
				TargetAttributes = {
					C2C609981DA2C6B1005A5805 = {
						CreatedOnToolsVersion = 7.2.1;
						LastSwiftMigration = 0800;
					};
				};
			};
			buildConfigurationList = C2C609941DA2C6B1005A5805 /* Build configuration list for PBXProject "DeliveryFromLocals" */;
			compatibilityVersion = "Xcode 3.2";
			developmentRegion = English;
			hasScannedForEncodings = 0;
			knownRegions = (
				en,
				Base,
			);
			mainGroup = C2C609901DA2C6B1005A5805;
			productRefGroup = C2C6099A1DA2C6B1005A5805 /* Products */;
			projectDirPath = "";
			projectRoot = "";
			targets = (
				C2C609981DA2C6B1005A5805 /* DeliveryFromLocals */,
			);
		};
/* End PBXProject section */

/* Begin PBXResourcesBuildPhase section */
		C2C609971DA2C6B1005A5805 /* Resources */ = {
			isa = PBXResourcesBuildPhase;
			buildActionMask = 2147483647;
			files = (
				C2C609A71DA2C6B2005A5805 /* LaunchScreen.storyboard in Resources */,
				C2C609A41DA2C6B2005A5805 /* Assets.xcassets in Resources */,
				C2C609A21DA2C6B2005A5805 /* Main.storyboard in Resources */,
			);
			runOnlyForDeploymentPostprocessing = 0;
		};
/* End PBXResourcesBuildPhase section */

/* Begin PBXSourcesBuildPhase section */
		C2C609951DA2C6B1005A5805 /* Sources */ = {
			isa = PBXSourcesBuildPhase;
			buildActionMask = 2147483647;
			files = (
				C2C6099F1DA2C6B2005A5805 /* CitiesViewController.swift in Sources */,
				C2C6099D1DA2C6B2005A5805 /* AppDelegate.swift in Sources */,
				C2C609B11DA2C804005A5805 /* FoodViewController.swift in Sources */,
				C2C609AF1DA2C797005A5805 /* CategoryVeiwControler.swift in Sources */,
			);
			runOnlyForDeploymentPostprocessing = 0;
		};
/* End PBXSourcesBuildPhase section */

/* Begin PBXVariantGroup section */
		C2C609A01DA2C6B2005A5805 /* Main.storyboard */ = {
			isa = PBXVariantGroup;
			children = (
				C2C609A11DA2C6B2005A5805 /* Base */,
			);
			name = Main.storyboard;
			sourceTree = "<group>";
		};
		C2C609A51DA2C6B2005A5805 /* LaunchScreen.storyboard */ = {
			isa = PBXVariantGroup;
			children = (
				C2C609A61DA2C6B2005A5805 /* Base */,
			);
			name = LaunchScreen.storyboard;
			sourceTree = "<group>";
		};
/* End PBXVariantGroup section */

/* Begin XCBuildConfiguration section */
		C2C609A91DA2C6B2005A5805 /* Debug */ = {
			isa = XCBuildConfiguration;
			buildSettings = {
				ALWAYS_SEARCH_USER_PATHS = NO;
				CLANG_CXX_LANGUAGE_STANDARD = "gnu++0x";
				CLANG_CXX_LIBRARY = "libc++";
				CLANG_ENABLE_MODULES = YES;
				CLANG_ENABLE_OBJC_ARC = YES;
				CLANG_WARN_BOOL_CONVERSION = YES;
				CLANG_WARN_CONSTANT_CONVERSION = YES;
				CLANG_WARN_DIRECT_OBJC_ISA_USAGE = YES_ERROR;
				CLANG_WARN_EMPTY_BODY = YES;
				CLANG_WARN_ENUM_CONVERSION = YES;
				CLANG_WARN_INT_CONVERSION = YES;
				CLANG_WARN_OBJC_ROOT_CLASS = YES_ERROR;
				CLANG_WARN_UNREACHABLE_CODE = YES;
				CLANG_WARN__DUPLICATE_METHOD_MATCH = YES;
				"CODE_SIGN_IDENTITY[sdk=iphoneos*]" = "iPhone Developer";
				COPY_PHASE_STRIP = NO;
				DEBUG_INFORMATION_FORMAT = dwarf;
				ENABLE_STRICT_OBJC_MSGSEND = YES;
				ENABLE_TESTABILITY = YES;
				GCC_C_LANGUAGE_STANDARD = gnu99;
				GCC_DYNAMIC_NO_PIC = NO;
				GCC_NO_COMMON_BLOCKS = YES;
				GCC_OPTIMIZATION_LEVEL = 0;
				GCC_PREPROCESSOR_DEFINITIONS = (
					"DEBUG=1",
					"$(inherited)",
				);
				GCC_WARN_64_TO_32_BIT_CONVERSION = YES;
				GCC_WARN_ABOUT_RETURN_TYPE = YES_ERROR;
				GCC_WARN_UNDECLARED_SELECTOR = YES;
				GCC_WARN_UNINITIALIZED_AUTOS = YES_AGGRESSIVE;
				GCC_WARN_UNUSED_FUNCTION = YES;
				GCC_WARN_UNUSED_VARIABLE = YES;
				IPHONEOS_DEPLOYMENT_TARGET = 9.2;
				MTL_ENABLE_DEBUG_INFO = YES;
				ONLY_ACTIVE_ARCH = YES;
				SDKROOT = iphoneos;
				SWIFT_OPTIMIZATION_LEVEL = "-Onone";
			};
			name = Debug;
		};
		C2C609AA1DA2C6B2005A5805 /* Release */ = {
			isa = XCBuildConfiguration;
			buildSettings = {
				ALWAYS_SEARCH_USER_PATHS = NO;
				CLANG_CXX_LANGUAGE_STANDARD = "gnu++0x";
				CLANG_CXX_LIBRARY = "libc++";
				CLANG_ENABLE_MODULES = YES;
				CLANG_ENABLE_OBJC_ARC = YES;
				CLANG_WARN_BOOL_CONVERSION = YES;
				CLANG_WARN_CONSTANT_CONVERSION = YES;
				CLANG_WARN_DIRECT_OBJC_ISA_USAGE = YES_ERROR;
				CLANG_WARN_EMPTY_BODY = YES;
				CLANG_WARN_ENUM_CONVERSION = YES;
				CLANG_WARN_INT_CONVERSION = YES;
				CLANG_WARN_OBJC_ROOT_CLASS = YES_ERROR;
				CLANG_WARN_UNREACHABLE_CODE = YES;
				CLANG_WARN__DUPLICATE_METHOD_MATCH = YES;
				"CODE_SIGN_IDENTITY[sdk=iphoneos*]" = "iPhone Developer";
				COPY_PHASE_STRIP = NO;
				DEBUG_INFORMATION_FORMAT = "dwarf-with-dsym";
				ENABLE_NS_ASSERTIONS = NO;
				ENABLE_STRICT_OBJC_MSGSEND = YES;
				GCC_C_LANGUAGE_STANDARD = gnu99;
				GCC_NO_COMMON_BLOCKS = YES;
				GCC_WARN_64_TO_32_BIT_CONVERSION = YES;
				GCC_WARN_ABOUT_RETURN_TYPE = YES_ERROR;
				GCC_WARN_UNDECLARED_SELECTOR = YES;
				GCC_WARN_UNINITIALIZED_AUTOS = YES_AGGRESSIVE;
				GCC_WARN_UNUSED_FUNCTION = YES;
				GCC_WARN_UNUSED_VARIABLE = YES;
				IPHONEOS_DEPLOYMENT_TARGET = 9.2;
				MTL_ENABLE_DEBUG_INFO = NO;
				SDKROOT = iphoneos;
				VALIDATE_PRODUCT = YES;
			};
			name = Release;
		};
		C2C609AC1DA2C6B2005A5805 /* Debug */ = {
			isa = XCBuildConfiguration;
			buildSettings = {
				ASSETCATALOG_COMPILER_APPICON_NAME = AppIcon;
				INFOPLIST_FILE = DeliveryFromLocals/Info.plist;
				LD_RUNPATH_SEARCH_PATHS = "$(inherited) @executable_path/Frameworks";
				PRODUCT_BUNDLE_IDENTIFIER = com.CalculatorDemo.DeliveryFromLocals;
				PRODUCT_NAME = "$(TARGET_NAME)";
				SWIFT_VERSION = 3.0;
			};
			name = Debug;
		};
		C2C609AD1DA2C6B2005A5805 /* Release */ = {
			isa = XCBuildConfiguration;
			buildSettings = {
				ASSETCATALOG_COMPILER_APPICON_NAME = AppIcon;
				INFOPLIST_FILE = DeliveryFromLocals/Info.plist;
				LD_RUNPATH_SEARCH_PATHS = "$(inherited) @executable_path/Frameworks";
				PRODUCT_BUNDLE_IDENTIFIER = com.CalculatorDemo.DeliveryFromLocals;
				PRODUCT_NAME = "$(TARGET_NAME)";
				SWIFT_VERSION = 3.0;
			};
			name = Release;
		};
/* End XCBuildConfiguration section */

/* Begin XCConfigurationList section */
		C2C609941DA2C6B1005A5805 /* Build configuration list for PBXProject "DeliveryFromLocals" */ = {
			isa = XCConfigurationList;
			buildConfigurations = (
				C2C609A91DA2C6B2005A5805 /* Debug */,
				C2C609AA1DA2C6B2005A5805 /* Release */,
			);
			defaultConfigurationIsVisible = 0;
			defaultConfigurationName = Release;
		};
		C2C609AB1DA2C6B2005A5805 /* Build configuration list for PBXNativeTarget "DeliveryFromLocals" */ = {
			isa = XCConfigurationList;
			buildConfigurations = (
				C2C609AC1DA2C6B2005A5805 /* Debug */,
				C2C609AD1DA2C6B2005A5805 /* Release */,
			);
			defaultConfigurationIsVisible = 0;
			defaultConfigurationName = Release;
		};
/* End XCConfigurationList section */
	};
	rootObject = C2C609911DA2C6B1005A5805 /* Project object */;
}
